{
  "nodes": {
    "aeneas": {
      "inputs": {
        "charon": [
          "charon"
        ],
        "flake-utils": [
          "aeneas",
          "charon",
          "flake-utils"
        ],
        "fstar": [
          "fstar"
        ],
        "nixpkgs": [
          "nixpkgs"
        ]
      },
      "locked": {
        "lastModified": 1743890786,
        "narHash": "sha256-Ddrk08Xcx6R1sPPzXDKoDBFdxBD5D7BET+jTybJOn1Y=",
        "owner": "aeneasverif",
        "repo": "aeneas",
        "rev": "aa99e3397e879ce46aacc2d706b8874566a7b3d5",
        "type": "github"
      },
      "original": {
        "owner": "aeneasverif",
        "repo": "aeneas",
        "type": "github"
      }
    },
    "bertie": {
      "inputs": {
        "crane": [
          "crane"
        ],
        "flake-utils": [
          "flake-utils"
        ],
        "hax": [
          "hax"
        ],
        "nixpkgs": [
          "nixpkgs"
        ]
      },
      "locked": {
        "lastModified": 1741591896,
        "narHash": "sha256-rtwm+Y0hJqT/NDeqGzsQd6OkXEKFfKiDRXV3pXJzSes=",
        "owner": "cryspen",
        "repo": "bertie",
        "rev": "83eec2afad8ae569fca30de79b22c59b0bfe7e65",
        "type": "github"
      },
      "original": {
        "owner": "cryspen",
        "repo": "bertie",
        "type": "github"
      }
    },
    "charon": {
      "inputs": {
        "crane": [
          "crane"
        ],
        "flake-compat": "flake-compat",
        "flake-utils": [
          "flake-utils"
        ],
        "nixpkgs": [
          "nixpkgs"
        ],
        "nixpkgs-ocaml": [
          "nixpkgs"
        ],
        "rust-overlay": "rust-overlay"
      },
      "locked": {
        "lastModified": 1743952850,
        "narHash": "sha256-wBwa+tWm0MZCs2avXRV1qpO4vw2WDvu8A7QAn7CaaQM=",
        "owner": "aeneasverif",
        "repo": "charon",
        "rev": "bba1aa4cae0326f1d94d466f8263e85dd9f14efe",
        "type": "github"
      },
      "original": {
        "owner": "aeneasverif",
        "repo": "charon",
        "type": "github"
      }
    },
    "crane": {
      "locked": {
        "lastModified": 1732991615,
        "narHash": "sha256-CgEHGXSzUdlRI1MzsZmWUwW8+6MKYqtCBIDrD/5H5/o=",
        "owner": "ipetkov",
        "repo": "crane",
        "rev": "da87d1af7e4e09fd0271432340a5cadf3eb96005",
        "type": "github"
      },
      "original": {
        "owner": "ipetkov",
        "repo": "crane",
        "rev": "da87d1af7e4e09fd0271432340a5cadf3eb96005",
        "type": "github"
      }
    },
    "eurydice": {
      "inputs": {
        "charon": [
          "charon"
        ],
        "flake-utils": [
          "flake-utils"
        ],
        "karamel": "karamel",
        "nixpkgs": [
          "nixpkgs"
        ]
      },
      "locked": {
        "lastModified": 1743586238,
        "narHash": "sha256-BxJVtO2yu9gEgXiyEZk6/OPQg/6MRR5s/RU1QBaOWRQ=",
        "owner": "aeneasverif",
        "repo": "eurydice",
        "rev": "9f45c5b6710ac03aa157299391233be90bc1565c",
        "type": "github"
      },
      "original": {
        "owner": "aeneasverif",
        "repo": "eurydice",
        "type": "github"
      }
    },
    "flake-compat": {
      "locked": {
        "lastModified": 1733328505,
        "narHash": "sha256-NeCCThCEP3eCl2l/+27kNNK7QrwZB1IJCrXfrbv5oqU=",
        "owner": "edolstra",
        "repo": "flake-compat",
        "rev": "ff81ac966bb2cae68946d5ed5fc4994f96d0ffec",
        "type": "github"
      },
      "original": {
        "owner": "edolstra",
        "repo": "flake-compat",
        "type": "github"
      }
    },
    "flake-utils": {
      "inputs": {
        "systems": "systems"
      },
      "locked": {
        "lastModified": 1692799911,
        "narHash": "sha256-3eihraek4qL744EvQXsK1Ha6C3CR7nnT8X2qWap4RNk=",
        "owner": "numtide",
        "repo": "flake-utils",
        "rev": "f9e7cf818399d17d347f847525c5a5a8032e4e44",
        "type": "github"
      },
      "original": {
        "id": "flake-utils",
        "type": "indirect"
      }
    },
    "fstar": {
      "inputs": {
        "flake-utils": "flake-utils",
        "nixpkgs": "nixpkgs"
      },
      "locked": {
        "lastModified": 1744071254,
        "narHash": "sha256-8ZMQ6D4E650/fDJnDFCtE1yQUQOthVxNcUmZWY39C+s=",
        "owner": "FStarLang",
        "repo": "fstar",
        "rev": "29358515b4d1afcfbfffa8eccf828d2209226dbe",
        "type": "github"
      },
      "original": {
        "owner": "fstarlang",
        "repo": "fstar",
        "type": "github"
      }
    },
    "hacl-star": {
      "flake": false,
      "locked": {
        "lastModified": 1716379562,
        "narHash": "sha256-42dF8kPEiveSPgHoicxZG/CCu3IhwJhtfvVNfrLczu8=",
        "owner": "hacl-star",
        "repo": "hacl-star",
        "rev": "9149b0c26b06a8e06a0920a07c33ddd18d94c519",
        "type": "github"
      },
      "original": {
        "owner": "hacl-star",
        "repo": "hacl-star",
        "type": "github"
      }
    },
    "hax": {
      "inputs": {
        "crane": [
          "crane"
        ],
        "flake-utils": [
          "flake-utils"
        ],
        "fstar": [
          "fstar"
        ],
        "hacl-star": "hacl-star",
        "nixpkgs": [
          "nixpkgs"
        ],
        "rust-by-examples": "rust-by-examples",
        "rust-overlay": [
          "rust-overlay"
        ]
      },
      "locked": {
        "lastModified": 1743433496,
        "narHash": "sha256-F/2pB6sddVnFcipC7RWxDYBIHMKexFMM3K/neXvjYWY=",
        "owner": "hacspec",
        "repo": "hax",
        "rev": "ee8b732c55b2a2b008821dc2f25a14b2fe781c29",
        "type": "github"
      },
      "original": {
        "owner": "hacspec",
        "repo": "hax",
        "type": "github"
      }
    },
    "karamel": {
      "inputs": {
        "flake-utils": [
          "eurydice",
          "karamel",
          "fstar",
          "flake-utils"
        ],
        "fstar": "fstar",
        "nixpkgs": [
          "eurydice",
          "nixpkgs"
        ]
      },
      "locked": {
        "lastModified": 1743108959,
        "narHash": "sha256-a8G5wREubqI4y8XI+e+O0kvIW1XgXjRe44LXBnZuqB4=",
        "owner": "FStarLang",
        "repo": "karamel",
        "rev": "172ee7878e68005c70956ef8045d1ecaba39fd3f",
        "type": "github"
      },
      "original": {
        "owner": "FStarLang",
        "repo": "karamel",
        "type": "github"
      }
    },
    "libcrux": {
      "inputs": {
        "charon": [
          "charon"
        ],
        "crane": [
          "crane"
        ],
        "eurydice": [
          "eurydice"
        ],
        "flake-utils": [
          "flake-utils"
        ],
        "fstar": [
          "fstar"
        ],
        "hax": [
          "hax"
        ],
        "karamel": [
          "karamel"
        ],
        "nixpkgs": [
          "nixpkgs"
        ]
      },
      "locked": {
        "lastModified": 1743416478,
        "narHash": "sha256-7pI73rPwJA8yAgZEfcKL/wC+9OWWu+6IoV4mPatXIlA=",
        "owner": "cryspen",
        "repo": "libcrux",
        "rev": "36d7d392e1c2a6f90c9f5224d360d43895c4ac8e",
        "type": "github"
      },
      "original": {
        "owner": "cryspen",
        "repo": "libcrux",
        "type": "github"
      }
    },
    "nixpkgs": {
      "locked": {
        "lastModified": 1743588408,
        "narHash": "sha256-WRZyK13yucGjwNBMOGjU8ljRJ8FYFv8MBru/bXqZUn0=",
        "owner": "NixOS",
        "repo": "nixpkgs",
        "rev": "88efe689298b1863db0310c0a22b3ebb4d04fbc3",
        "type": "github"
      },
      "original": {
        "id": "nixpkgs",
        "ref": "nixos-unstable",
        "type": "indirect"
      }
    },
    "nixpkgs_2": {
      "locked": {
        "lastModified": 1743588408,
        "narHash": "sha256-WRZyK13yucGjwNBMOGjU8ljRJ8FYFv8MBru/bXqZUn0=",
        "owner": "nixos",
        "repo": "nixpkgs",
        "rev": "88efe689298b1863db0310c0a22b3ebb4d04fbc3",
        "type": "github"
      },
      "original": {
        "owner": "nixos",
        "repo": "nixpkgs",
        "type": "github"
      }
    },
    "root": {
      "inputs": {
        "aeneas": "aeneas",
        "bertie": "bertie",
        "charon": "charon",
        "crane": "crane",
        "eurydice": "eurydice",
        "flake-utils": [
          "fstar",
          "flake-utils"
        ],
        "fstar": [
          "eurydice",
          "karamel",
          "fstar"
        ],
        "hax": "hax",
        "karamel": [
          "eurydice",
          "karamel"
        ],
        "libcrux": "libcrux",
        "nixpkgs": "nixpkgs_2",
        "rust-overlay": [
          "charon",
          "rust-overlay"
        ]
      }
    },
    "rust-by-examples": {
      "flake": false,
      "locked": {
        "lastModified": 1729958822,
        "narHash": "sha256-/X1dI2MPYSfOdqOOxpNFCykoJtVetQCOo7WfBa7XAyU=",
        "owner": "rust-lang",
        "repo": "rust-by-example",
        "rev": "4e3881e0cb1b690158acca3c16e271fdadf736da",
        "type": "github"
      },
      "original": {
        "owner": "rust-lang",
        "repo": "rust-by-example",
        "type": "github"
      }
    },
    "rust-overlay": {
      "inputs": {
        "nixpkgs": [
          "charon",
          "nixpkgs"
        ]
      },
      "locked": {
        "lastModified": 1737340068,
        "narHash": "sha256-5UciRckNV+YOZ6y6ASBIb01cySB12whDxgFUK+EqT8g=",
        "owner": "oxalica",
        "repo": "rust-overlay",
        "rev": "275c824ed9e90e7fd4f96d187bde3670062e721f",
        "type": "github"
      },
      "original": {
        "owner": "oxalica",
        "repo": "rust-overlay",
        "rev": "275c824ed9e90e7fd4f96d187bde3670062e721f",
        "type": "github"
      }
    },
    "systems": {
      "locked": {
        "lastModified": 1681028828,
        "narHash": "sha256-Vy1rq5AaRuLzOxct8nz4T6wlgyUR7zLU309k9mBC768=",
        "owner": "nix-systems",
        "repo": "default",
        "rev": "da67096a3b9bf56a91d16901293e51ba5b49a27e",
        "type": "github"
      },
      "original": {
        "owner": "nix-systems",
        "repo": "default",
        "type": "github"
      }
    }
  },
  "root": "root",
  "version": 7
}
