{
  "nodes": {
    "aeneas": {
      "inputs": {
        "charon": [
          "charon"
        ],
        "flake-utils": [
          "aeneas",
          "charon",
          "flake-utils"
        ],
        "fstar": [
          "fstar"
        ],
        "nixpkgs": [
          "eurydice",
          "nixpkgs"
        ]
      },
      "locked": {
        "lastModified": 1733408936,
        "narHash": "sha256-UiwK52t0zDMtX/ma9Oni8wOYsgLjsj+hY06kaIb2mzs=",
        "owner": "aeneasverif",
        "repo": "aeneas",
        "rev": "8dc05352ccfbad0033aa213a709525ce0e48be82",
        "type": "github"
      },
      "original": {
        "owner": "aeneasverif",
        "repo": "aeneas",
        "type": "github"
      }
    },
    "bertie": {
      "inputs": {
        "crane": [
          "crane"
        ],
        "flake-utils": [
          "flake-utils"
        ],
        "hax": [
          "hax"
        ],
        "nixpkgs": [
          "nixpkgs"
        ]
      },
      "locked": {
        "lastModified": 1732605909,
        "narHash": "sha256-jQ+JnEKGFitghR+OGNC9SojbKmTxUYSq0t9X3a4bgTU=",
        "owner": "cryspen",
        "repo": "bertie",
        "rev": "1b90bcca63a94fa14b0b64bd33221a4abdd6e53f",
        "type": "github"
      },
      "original": {
        "owner": "cryspen",
        "repo": "bertie",
        "type": "github"
      }
    },
    "charon": {
      "inputs": {
        "crane": [
          "crane"
        ],
        "flake-compat": "flake-compat",
        "flake-utils": [
          "flake-utils"
        ],
        "nixpkgs": [
          "eurydice",
          "nixpkgs"
        ],
        "rust-overlay": [
          "rust-overlay"
        ]
      },
      "locked": {
        "lastModified": 1733408977,
        "narHash": "sha256-ekQXQIBZ4Sam8dXmJCllByf33LPHkUO7dI0bfoLTm4g=",
        "owner": "aeneasverif",
        "repo": "charon",
        "rev": "a68994d00017b76a805d0115ca06c1f2c1805e79",
        "type": "github"
      },
      "original": {
        "owner": "aeneasverif",
        "repo": "charon",
        "type": "github"
      }
    },
    "crane": {
      "locked": {
        "lastModified": 1732991615,
        "narHash": "sha256-CgEHGXSzUdlRI1MzsZmWUwW8+6MKYqtCBIDrD/5H5/o=",
        "owner": "ipetkov",
        "repo": "crane",
        "rev": "da87d1af7e4e09fd0271432340a5cadf3eb96005",
        "type": "github"
      },
      "original": {
        "owner": "ipetkov",
        "repo": "crane",
        "rev": "da87d1af7e4e09fd0271432340a5cadf3eb96005",
        "type": "github"
      }
    },
    "eurydice": {
      "inputs": {
        "charon": [
          "charon"
        ],
        "flake-utils": [
          "flake-utils"
        ],
        "karamel": "karamel",
        "nixpkgs": [
          "eurydice",
          "karamel",
          "nixpkgs"
        ]
      },
      "locked": {
        "lastModified": 1733437127,
        "narHash": "sha256-oqkkNINr3mFiP+stqciLsT6LLlkyWZFIkWHsfPXU+ps=",
        "owner": "aeneasverif",
        "repo": "eurydice",
        "rev": "70328c7a5b8b0de58b08d1db3641a34b104e0ebf",
        "type": "github"
      },
      "original": {
        "owner": "aeneasverif",
        "repo": "eurydice",
        "type": "github"
      }
    },
    "flake-compat": {
      "locked": {
        "lastModified": 1717312683,
        "narHash": "sha256-FrlieJH50AuvagamEvWMIE6D2OAnERuDboFDYAED/dE=",
        "owner": "nix-community",
        "repo": "flake-compat",
        "rev": "38fd3954cf65ce6faf3d0d45cd26059e059f07ea",
        "type": "github"
      },
      "original": {
        "owner": "nix-community",
        "repo": "flake-compat",
        "type": "github"
      }
    },
    "flake-utils": {
      "inputs": {
        "systems": "systems"
      },
      "locked": {
        "lastModified": 1692799911,
        "narHash": "sha256-3eihraek4qL744EvQXsK1Ha6C3CR7nnT8X2qWap4RNk=",
        "owner": "numtide",
        "repo": "flake-utils",
        "rev": "f9e7cf818399d17d347f847525c5a5a8032e4e44",
        "type": "github"
      },
      "original": {
        "id": "flake-utils",
        "type": "indirect"
      }
    },
    "fstar": {
      "inputs": {
        "flake-utils": "flake-utils",
        "nixpkgs": "nixpkgs"
      },
      "locked": {
        "lastModified": 1733419212,
        "narHash": "sha256-LrUdHv2GMkvizcMR7PPQv86ODPPVY9GuFV4VCaeuGhs=",
        "owner": "FStarLang",
        "repo": "fstar",
        "rev": "58ea6b0ed49984e4117b781deee7f6605f8269f0",
        "type": "github"
      },
      "original": {
        "owner": "fstarlang",
        "repo": "fstar",
        "type": "github"
      }
    },
    "hacl-star": {
      "flake": false,
      "locked": {
        "lastModified": 1716379562,
        "narHash": "sha256-42dF8kPEiveSPgHoicxZG/CCu3IhwJhtfvVNfrLczu8=",
        "owner": "hacl-star",
        "repo": "hacl-star",
        "rev": "9149b0c26b06a8e06a0920a07c33ddd18d94c519",
        "type": "github"
      },
      "original": {
        "owner": "hacl-star",
        "repo": "hacl-star",
        "type": "github"
      }
    },
    "hax": {
      "inputs": {
        "crane": [
          "crane"
        ],
        "flake-utils": [
          "flake-utils"
        ],
        "fstar": [
          "fstar"
        ],
        "hacl-star": "hacl-star",
        "nixpkgs": [
          "nixpkgs"
        ],
        "rust-by-examples": "rust-by-examples",
        "rust-overlay": [
          "rust-overlay"
        ]
      },
      "locked": {
        "lastModified": 1733230786,
        "narHash": "sha256-t3/QiIE+irEPGTLLewiQq8TAXJ9aLwyBhp0fTlYBnm4=",
        "owner": "hacspec",
        "repo": "hax",
        "rev": "de59826b832befc82905286d052c8a961c31f3cd",
        "type": "github"
      },
      "original": {
        "owner": "hacspec",
        "repo": "hax",
        "type": "github"
      }
    },
    "karamel": {
      "inputs": {
        "flake-utils": [
          "eurydice",
          "karamel",
          "fstar",
          "flake-utils"
        ],
        "fstar": "fstar",
        "nixpkgs": [
          "eurydice",
          "karamel",
          "fstar",
          "nixpkgs"
        ]
      },
      "locked": {
        "lastModified": 1733352752,
        "narHash": "sha256-4jSnDjw+CKxQzIo1rmULXvYr40QXxyaMf5T+Gh9VeoE=",
        "owner": "FStarLang",
        "repo": "karamel",
        "rev": "96572bc631fde691a2aea7bce5a5a3838b3a5968",
        "type": "github"
      },
      "original": {
        "owner": "FStarLang",
        "repo": "karamel",
        "type": "github"
      }
    },
    "libcrux": {
      "inputs": {
        "charon": [
          "charon"
        ],
        "crane": [
          "crane"
        ],
        "eurydice": [
          "eurydice"
        ],
        "flake-utils": [
          "flake-utils"
        ],
        "fstar": [
          "fstar"
        ],
        "hax": [
          "hax"
        ],
        "karamel": [
          "karamel"
        ],
        "nixpkgs": [
          "nixpkgs"
        ]
      },
      "locked": {
        "lastModified": 1733299752,
        "narHash": "sha256-VL4bzobndZ4muSIQL7sUA95E85+MSPZD7u7YlKRwWzQ=",
        "owner": "cryspen",
        "repo": "libcrux",
        "rev": "de44bdb241da952da64c54fd339867940e2f75d2",
        "type": "github"
      },
      "original": {
        "owner": "cryspen",
        "repo": "libcrux",
        "type": "github"
      }
    },
    "nixpkgs": {
      "locked": {
        "lastModified": 1693158576,
        "narHash": "sha256-aRTTXkYvhXosGx535iAFUaoFboUrZSYb1Ooih/auGp0=",
        "owner": "NixOS",
        "repo": "nixpkgs",
        "rev": "a999c1cc0c9eb2095729d5aa03e0d8f7ed256780",
        "type": "github"
      },
      "original": {
        "id": "nixpkgs",
        "ref": "nixos-unstable",
        "type": "indirect"
      }
    },
    "nixpkgs_2": {
      "locked": {
        "lastModified": 1733445904,
        "narHash": "sha256-qpKlcIUmr24tsvzGXSXeKnG7EID0REKWdUoeKYKkeSg=",
        "owner": "nixos",
        "repo": "nixpkgs",
        "rev": "5c9f8971713e81add916b344f688842f372859da",
        "type": "github"
      },
      "original": {
        "owner": "nixos",
        "repo": "nixpkgs",
        "type": "github"
      }
    },
    "root": {
      "inputs": {
        "aeneas": "aeneas",
        "bertie": "bertie",
        "charon": "charon",
        "crane": "crane",
        "eurydice": "eurydice",
        "flake-utils": [
          "fstar",
          "flake-utils"
        ],
        "fstar": [
          "eurydice",
          "karamel",
          "fstar"
        ],
        "hax": "hax",
        "karamel": [
          "eurydice",
          "karamel"
        ],
        "libcrux": "libcrux",
        "nixpkgs": "nixpkgs_2",
        "rust-overlay": "rust-overlay"
      }
    },
    "rust-by-examples": {
      "flake": false,
      "locked": {
        "lastModified": 1729958822,
        "narHash": "sha256-/X1dI2MPYSfOdqOOxpNFCykoJtVetQCOo7WfBa7XAyU=",
        "owner": "rust-lang",
        "repo": "rust-by-example",
        "rev": "4e3881e0cb1b690158acca3c16e271fdadf736da",
        "type": "github"
      },
      "original": {
        "owner": "rust-lang",
        "repo": "rust-by-example",
        "type": "github"
      }
    },
    "rust-overlay": {
      "inputs": {
        "nixpkgs": [
          "nixpkgs"
        ]
      },
      "locked": {
        "lastModified": 1733366051,
        "narHash": "sha256-Zlas3LFqrW8bVVrZYgkzS4VNkZgtZ/hsbYhO0GtKLys=",
        "owner": "oxalica",
        "repo": "rust-overlay",
        "rev": "ba5ed0362eaae83fe8925a2d5cfcf356ff22f70f",
        "type": "github"
      },
      "original": {
        "owner": "oxalica",
        "repo": "rust-overlay",
        "type": "github"
      }
    },
    "systems": {
      "locked": {
        "lastModified": 1681028828,
        "narHash": "sha256-Vy1rq5AaRuLzOxct8nz4T6wlgyUR7zLU309k9mBC768=",
        "owner": "nix-systems",
        "repo": "default",
        "rev": "da67096a3b9bf56a91d16901293e51ba5b49a27e",
        "type": "github"
      },
      "original": {
        "owner": "nix-systems",
        "repo": "default",
        "type": "github"
      }
    }
  },
  "root": "root",
  "version": 7
}
