{
  "nodes": {
    "aeneas": {
      "inputs": {
        "charon": [
          "charon"
        ],
        "flake-utils": [
          "aeneas",
          "charon",
          "flake-utils"
        ],
        "fstar": [
          "fstar"
        ],
        "nixpkgs": [
          "nixpkgs-ocaml"
        ]
      },
      "locked": {
        "lastModified": 1743078186,
        "narHash": "sha256-kGEtP2tG8j+9NA9q5EUVDJAXIFOTzCRC+jY9KXrjJKs=",
        "owner": "aeneasverif",
        "repo": "aeneas",
        "rev": "0c87ae52b7963acabb8d487bd55e573ff56a94f6",
        "type": "github"
      },
      "original": {
        "owner": "aeneasverif",
        "repo": "aeneas",
        "type": "github"
      }
    },
    "bertie": {
      "inputs": {
        "crane": [
          "crane"
        ],
        "flake-utils": [
          "flake-utils"
        ],
        "hax": [
          "hax"
        ],
        "nixpkgs": [
          "nixpkgs"
        ]
      },
      "locked": {
        "lastModified": 1741591896,
        "narHash": "sha256-rtwm+Y0hJqT/NDeqGzsQd6OkXEKFfKiDRXV3pXJzSes=",
        "owner": "cryspen",
        "repo": "bertie",
        "rev": "83eec2afad8ae569fca30de79b22c59b0bfe7e65",
        "type": "github"
      },
      "original": {
        "owner": "cryspen",
        "repo": "bertie",
        "type": "github"
      }
    },
    "charon": {
      "inputs": {
        "crane": [
          "crane"
        ],
        "flake-compat": "flake-compat",
        "flake-utils": [
          "flake-utils"
        ],
        "nixpkgs": [
          "nixpkgs"
        ],
        "nixpkgs-ocaml": [
          "nixpkgs-ocaml"
        ],
        "rust-overlay": "rust-overlay"
      },
      "locked": {
        "lastModified": 1743077260,
        "narHash": "sha256-CSIhHvmzDZlGrTnirgrfOehDvUsctc3qAs/IdhtdaUg=",
        "owner": "aeneasverif",
        "repo": "charon",
        "rev": "8363532b648d533ebe1d4d068d271c8b853408ca",
        "type": "github"
      },
      "original": {
        "owner": "aeneasverif",
        "repo": "charon",
        "type": "github"
      }
    },
    "crane": {
      "locked": {
        "lastModified": 1732991615,
        "narHash": "sha256-CgEHGXSzUdlRI1MzsZmWUwW8+6MKYqtCBIDrD/5H5/o=",
        "owner": "ipetkov",
        "repo": "crane",
        "rev": "da87d1af7e4e09fd0271432340a5cadf3eb96005",
        "type": "github"
      },
      "original": {
        "owner": "ipetkov",
        "repo": "crane",
        "rev": "da87d1af7e4e09fd0271432340a5cadf3eb96005",
        "type": "github"
      }
    },
    "eurydice": {
      "inputs": {
        "charon": [
          "charon"
        ],
        "flake-utils": [
          "flake-utils"
        ],
        "karamel": "karamel",
        "nixpkgs": [
          "eurydice",
          "karamel",
          "nixpkgs"
        ],
        "recent_nixpkgs": [
          "nixpkgs"
        ]
      },
      "locked": {
        "lastModified": 1743104184,
        "narHash": "sha256-2g0l7jmlvPWLVQqdtWICYcBOOaprL6RWPViIwr8xEhw=",
        "owner": "aeneasverif",
        "repo": "eurydice",
        "rev": "5d354d36c1e1cba2db5cdda315d6aa6b73e4d765",
        "type": "github"
      },
      "original": {
        "owner": "aeneasverif",
        "repo": "eurydice",
        "type": "github"
      }
    },
    "flake-compat": {
      "locked": {
        "lastModified": 1733328505,
        "narHash": "sha256-NeCCThCEP3eCl2l/+27kNNK7QrwZB1IJCrXfrbv5oqU=",
        "owner": "edolstra",
        "repo": "flake-compat",
        "rev": "ff81ac966bb2cae68946d5ed5fc4994f96d0ffec",
        "type": "github"
      },
      "original": {
        "owner": "edolstra",
        "repo": "flake-compat",
        "type": "github"
      }
    },
    "flake-utils": {
      "inputs": {
        "systems": "systems"
      },
      "locked": {
        "lastModified": 1692799911,
        "narHash": "sha256-3eihraek4qL744EvQXsK1Ha6C3CR7nnT8X2qWap4RNk=",
        "owner": "numtide",
        "repo": "flake-utils",
        "rev": "f9e7cf818399d17d347f847525c5a5a8032e4e44",
        "type": "github"
      },
      "original": {
        "id": "flake-utils",
        "type": "indirect"
      }
    },
    "fstar": {
      "inputs": {
        "flake-utils": "flake-utils",
        "nixpkgs": "nixpkgs"
      },
      "locked": {
        "lastModified": 1743122148,
        "narHash": "sha256-Zgf+mZn6d+DIW3ruMVHZP2mgsX9rPlSGhA8uFNpcdI0=",
        "owner": "FStarLang",
        "repo": "fstar",
        "rev": "56114888699130784a9c85d933a6c503a9b36458",
        "type": "github"
      },
      "original": {
        "owner": "fstarlang",
        "repo": "fstar",
        "type": "github"
      }
    },
    "hacl-star": {
      "flake": false,
      "locked": {
        "lastModified": 1716379562,
        "narHash": "sha256-42dF8kPEiveSPgHoicxZG/CCu3IhwJhtfvVNfrLczu8=",
        "owner": "hacl-star",
        "repo": "hacl-star",
        "rev": "9149b0c26b06a8e06a0920a07c33ddd18d94c519",
        "type": "github"
      },
      "original": {
        "owner": "hacl-star",
        "repo": "hacl-star",
        "type": "github"
      }
    },
    "hax": {
      "inputs": {
        "crane": [
          "crane"
        ],
        "flake-utils": [
          "flake-utils"
        ],
        "fstar": [
          "fstar"
        ],
        "hacl-star": "hacl-star",
        "nixpkgs": [
          "nixpkgs"
        ],
        "rust-by-examples": "rust-by-examples",
        "rust-overlay": [
          "rust-overlay"
        ]
      },
      "locked": {
        "lastModified": 1742983963,
        "narHash": "sha256-0rl0fRSuMyDDMN5ZF95b97z6xGNY8Rf6Lob8bJGU/o4=",
        "owner": "hacspec",
        "repo": "hax",
        "rev": "40ecdbece586089ed87f1ba633ebbb6a3248a15f",
        "type": "github"
      },
      "original": {
        "owner": "hacspec",
        "repo": "hax",
        "type": "github"
      }
    },
    "karamel": {
      "inputs": {
        "flake-utils": [
          "eurydice",
          "karamel",
          "fstar",
          "flake-utils"
        ],
        "fstar": "fstar",
        "nixpkgs": [
          "eurydice",
          "karamel",
          "fstar",
          "nixpkgs"
        ]
      },
      "locked": {
        "lastModified": 1743108959,
        "narHash": "sha256-a8G5wREubqI4y8XI+e+O0kvIW1XgXjRe44LXBnZuqB4=",
        "owner": "FStarLang",
        "repo": "karamel",
        "rev": "172ee7878e68005c70956ef8045d1ecaba39fd3f",
        "type": "github"
      },
      "original": {
        "owner": "FStarLang",
        "repo": "karamel",
        "type": "github"
      }
    },
    "libcrux": {
      "inputs": {
        "charon": [
          "charon"
        ],
        "crane": [
          "crane"
        ],
        "eurydice": [
          "eurydice"
        ],
        "flake-utils": [
          "flake-utils"
        ],
        "fstar": [
          "fstar"
        ],
        "hax": [
          "hax"
        ],
        "karamel": [
          "karamel"
        ],
        "nixpkgs": [
          "nixpkgs"
        ]
      },
      "locked": {
        "lastModified": 1742900068,
        "narHash": "sha256-sW2kbKsAW/V2SI3BwOO1DXgNMJTrb2TKQFjChL6LzL0=",
        "owner": "cryspen",
        "repo": "libcrux",
        "rev": "c62ad3d414c987d9c85f23941b3b3ec4c6f9b38f",
        "type": "github"
      },
      "original": {
        "owner": "cryspen",
        "repo": "libcrux",
        "type": "github"
      }
    },
    "nixpkgs": {
      "locked": {
        "lastModified": 1693158576,
        "narHash": "sha256-aRTTXkYvhXosGx535iAFUaoFboUrZSYb1Ooih/auGp0=",
        "owner": "NixOS",
        "repo": "nixpkgs",
        "rev": "a999c1cc0c9eb2095729d5aa03e0d8f7ed256780",
        "type": "github"
      },
      "original": {
        "id": "nixpkgs",
        "ref": "nixos-unstable",
        "type": "indirect"
      }
    },
    "nixpkgs_2": {
      "locked": {
        "lastModified": 1743122973,
        "narHash": "sha256-IR9lx7WZXcP8Ww6Zf8tj33K/oa79M9FQ4m/YggMre6M=",
        "owner": "nixos",
        "repo": "nixpkgs",
        "rev": "e91a742511de59a3bc6c50bc5a68ea6b8ea3773f",
        "type": "github"
      },
      "original": {
        "owner": "nixos",
        "repo": "nixpkgs",
        "type": "github"
      }
    },
    "root": {
      "inputs": {
        "aeneas": "aeneas",
        "bertie": "bertie",
        "charon": "charon",
        "crane": "crane",
        "eurydice": "eurydice",
        "flake-utils": [
          "fstar",
          "flake-utils"
        ],
        "fstar": [
          "eurydice",
          "karamel",
          "fstar"
        ],
        "hax": "hax",
        "karamel": [
          "eurydice",
          "karamel"
        ],
        "libcrux": "libcrux",
        "nixpkgs": "nixpkgs_2",
        "nixpkgs-ocaml": [
          "eurydice",
          "nixpkgs"
        ],
        "rust-overlay": [
          "charon",
          "rust-overlay"
        ]
      }
    },
    "rust-by-examples": {
      "flake": false,
      "locked": {
        "lastModified": 1729958822,
        "narHash": "sha256-/X1dI2MPYSfOdqOOxpNFCykoJtVetQCOo7WfBa7XAyU=",
        "owner": "rust-lang",
        "repo": "rust-by-example",
        "rev": "4e3881e0cb1b690158acca3c16e271fdadf736da",
        "type": "github"
      },
      "original": {
        "owner": "rust-lang",
        "repo": "rust-by-example",
        "type": "github"
      }
    },
    "rust-overlay": {
      "inputs": {
        "nixpkgs": [
          "charon",
          "nixpkgs"
        ]
      },
      "locked": {
        "lastModified": 1737340068,
        "narHash": "sha256-5UciRckNV+YOZ6y6ASBIb01cySB12whDxgFUK+EqT8g=",
        "owner": "oxalica",
        "repo": "rust-overlay",
        "rev": "275c824ed9e90e7fd4f96d187bde3670062e721f",
        "type": "github"
      },
      "original": {
        "owner": "oxalica",
        "repo": "rust-overlay",
        "rev": "275c824ed9e90e7fd4f96d187bde3670062e721f",
        "type": "github"
      }
    },
    "systems": {
      "locked": {
        "lastModified": 1681028828,
        "narHash": "sha256-Vy1rq5AaRuLzOxct8nz4T6wlgyUR7zLU309k9mBC768=",
        "owner": "nix-systems",
        "repo": "default",
        "rev": "da67096a3b9bf56a91d16901293e51ba5b49a27e",
        "type": "github"
      },
      "original": {
        "owner": "nix-systems",
        "repo": "default",
        "type": "github"
      }
    }
  },
  "root": "root",
  "version": 7
}
